
Microsoft Visual Studio Solution File, Format Version 12.00
# Visual Studio Version 16
VisualStudioVersion = 16.0.32929.386
MinimumVisualStudioVersion = 10.0.40219.1
Project("{8BC9CEB8-8B4A-11D0-8D11-00A0C91BC942}") = "3DPortfolio", "3DPortfolio\3DPortfolio.vcxproj", "{490D5744-E210-4924-A443-D378DC070D6A}"
EndProject
Project("{8BC9CEB8-8B4A-11D0-8D11-00A0C91BC942}") = "HackandSlashRPG", "HackandSlashRPG\HackandSlashRPG.vcxproj", "{1D187790-9448-4F8F-895E-B7380D7B630F}"
	ProjectSection(ProjectDependencies) = postProject
		{490D5744-E210-4924-A443-D378DC070D6A} = {490D5744-E210-4924-A443-D378DC070D6A}
	EndProjectSection
EndProject
Project("{2150E333-8FDC-42A3-9474-1A3956D46DE8}") = "GameObject", "GameObject", "{78DB2E57-38CF-4430-AC19-FA06EE2DFE44}"
	ProjectSection(SolutionItems) = preProject
		Contents\GameObject\Archer.xml = Contents\GameObject\Archer.xml
		Contents\GameObject\Cam.xml = Contents\GameObject\Cam.xml
		Contents\GameObject\Cam2.xml = Contents\GameObject\Cam2.xml
		Contents\GameObject\Character.xml = Contents\GameObject\Character.xml
		Contents\GameObject\Character2.xml = Contents\GameObject\Character2.xml
		Contents\GameObject\Grid.xml = Contents\GameObject\Grid.xml
		Contents\GameObject\hammer.xml = Contents\GameObject\hammer.xml
		Contents\GameObject\Line.xml = Contents\GameObject\Line.xml
		Contents\GameObject\message.xml = Contents\GameObject\message.xml
		Contents\GameObject\Monster1.xml = Contents\GameObject\Monster1.xml
		Contents\GameObject\Rain.xml = Contents\GameObject\Rain.xml
		Contents\GameObject\skill.xml = Contents\GameObject\skill.xml
		Contents\GameObject\Sphere.xml = Contents\GameObject\Sphere.xml
		Contents\GameObject\Sphere2.xml = Contents\GameObject\Sphere2.xml
		Contents\GameObject\Sun.xml = Contents\GameObject\Sun.xml
		Contents\GameObject\Terrain.xml = Contents\GameObject\Terrain.xml
		Contents\GameObject\Wall.xml = Contents\GameObject\Wall.xml
		Contents\GameObject\Wall2.xml = Contents\GameObject\Wall2.xml
		Contents\GameObject\Wasteland.xml = Contents\GameObject\Wasteland.xml
		Contents\GameObject\Window.xml = Contents\GameObject\Window.xml
		Contents\GameObject\Window2.xml = Contents\GameObject\Window2.xml
	EndProjectSection
EndProject
Global
	GlobalSection(SolutionConfigurationPlatforms) = preSolution
		Debug|x64 = Debug|x64
		Debug|x86 = Debug|x86
		Release|x64 = Release|x64
		Release|x86 = Release|x86
	EndGlobalSection
	GlobalSection(ProjectConfigurationPlatforms) = postSolution
		{490D5744-E210-4924-A443-D378DC070D6A}.Debug|x64.ActiveCfg = Debug|x64
		{490D5744-E210-4924-A443-D378DC070D6A}.Debug|x64.Build.0 = Debug|x64
		{490D5744-E210-4924-A443-D378DC070D6A}.Debug|x86.ActiveCfg = Debug|Win32
		{490D5744-E210-4924-A443-D378DC070D6A}.Debug|x86.Build.0 = Debug|Win32
		{490D5744-E210-4924-A443-D378DC070D6A}.Release|x64.ActiveCfg = Release|x64
		{490D5744-E210-4924-A443-D378DC070D6A}.Release|x64.Build.0 = Release|x64
		{490D5744-E210-4924-A443-D378DC070D6A}.Release|x86.ActiveCfg = Release|Win32
		{490D5744-E210-4924-A443-D378DC070D6A}.Release|x86.Build.0 = Release|Win32
		{1D187790-9448-4F8F-895E-B7380D7B630F}.Debug|x64.ActiveCfg = Debug|x64
		{1D187790-9448-4F8F-895E-B7380D7B630F}.Debug|x64.Build.0 = Debug|x64
		{1D187790-9448-4F8F-895E-B7380D7B630F}.Debug|x86.ActiveCfg = Debug|Win32
		{1D187790-9448-4F8F-895E-B7380D7B630F}.Debug|x86.Build.0 = Debug|Win32
		{1D187790-9448-4F8F-895E-B7380D7B630F}.Release|x64.ActiveCfg = Release|x64
		{1D187790-9448-4F8F-895E-B7380D7B630F}.Release|x64.Build.0 = Release|x64
		{1D187790-9448-4F8F-895E-B7380D7B630F}.Release|x86.ActiveCfg = Release|Win32
		{1D187790-9448-4F8F-895E-B7380D7B630F}.Release|x86.Build.0 = Release|Win32
	EndGlobalSection
	GlobalSection(SolutionProperties) = preSolution
		HideSolutionNode = FALSE
	EndGlobalSection
	GlobalSection(ExtensibilityGlobals) = postSolution
		SolutionGuid = {8196454E-4F47-4681-82CF-D79E71B9F97C}
	EndGlobalSection
EndGlobal
